
Microsoft Visual Studio Solution File, Format Version 12.00
# Visual Studio Version 16
VisualStudioVersion = 16.0.30717.126
MinimumVisualStudioVersion = 10.0.40219.1
Project("{FAE04EC0-301F-11D3-BF4B-00C04F79EFBC}") = "Библиографические ссылки", "Библиографические ссылки\Библиографические ссылки.csproj", "{D927DD7D-8644-41DB-A273-5BBC33BF5586}"
EndProject
Global
	GlobalSection(SolutionConfigurationPlatforms) = preSolution
		Debug|Any CPU = Debug|Any CPU
		Release|Any CPU = Release|Any CPU
	EndGlobalSection
	GlobalSection(ProjectConfigurationPlatforms) = postSolution
		{D927DD7D-8644-41DB-A273-5BBC33BF5586}.Debug|Any CPU.ActiveCfg = Debug|Any CPU
		{D927DD7D-8644-41DB-A273-5BBC33BF5586}.Debug|Any CPU.Build.0 = Debug|Any CPU
		{D927DD7D-8644-41DB-A273-5BBC33BF5586}.Release|Any CPU.ActiveCfg = Release|Any CPU
		{D927DD7D-8644-41DB-A273-5BBC33BF5586}.Release|Any CPU.Build.0 = Release|Any CPU
	EndGlobalSection
	GlobalSection(SolutionProperties) = preSolution
		HideSolutionNode = FALSE
	EndGlobalSection
	GlobalSection(ExtensibilityGlobals) = postSolution
		SolutionGuid = {B24F2C05-91C0-46A6-B762-E018C29ABC73}
	EndGlobalSection
EndGlobal
